
Microsoft Visual Studio Solution File, Format Version 12.00
# Visual Studio Version 17
VisualStudioVersion = 17.7.34202.233
MinimumVisualStudioVersion = 10.0.40219.1
Project("{FAE04EC0-301F-11D3-BF4B-00C04F79EFBC}") = "c#_for_loop", "c#_for_loop\c#_for_loop.csproj", "{FE7112DD-597D-4D66-911A-3D5A0B9175D7}"
EndProject
Global
	GlobalSection(SolutionConfigurationPlatforms) = preSolution
		Debug|Any CPU = Debug|Any CPU
		Release|Any CPU = Release|Any CPU
	EndGlobalSection
	GlobalSection(ProjectConfigurationPlatforms) = postSolution
		{FE7112DD-597D-4D66-911A-3D5A0B9175D7}.Debug|Any CPU.ActiveCfg = Debug|Any CPU
		{FE7112DD-597D-4D66-911A-3D5A0B9175D7}.Debug|Any CPU.Build.0 = Debug|Any CPU
		{FE7112DD-597D-4D66-911A-3D5A0B9175D7}.Release|Any CPU.ActiveCfg = Release|Any CPU
		{FE7112DD-597D-4D66-911A-3D5A0B9175D7}.Release|Any CPU.Build.0 = Release|Any CPU
	EndGlobalSection
	GlobalSection(SolutionProperties) = preSolution
		HideSolutionNode = FALSE
	EndGlobalSection
	GlobalSection(ExtensibilityGlobals) = postSolution
		SolutionGuid = {47F7AB5B-7336-4112-B278-CC22892F1095}
	EndGlobalSection
EndGlobal
